[[package]]
category = "main"
description = "Python package for providing Mozilla's CA Bundle."
name = "certifi"
optional = false
python-versions = "*"
version = "2018.11.29"

[[package]]
category = "main"
description = "Universal encoding detector for Python 2 and 3"
name = "chardet"
optional = false
python-versions = "*"
version = "3.0.4"

[[package]]
category = "main"
description = "Internationalized Domain Names in Applications (IDNA)"
name = "idna"
optional = false
python-versions = ">=2.7, !=3.0.*, !=3.1.*, !=3.2.*, !=3.3.*"
version = "2.8"

[[package]]
category = "main"
description = "A logging replacement for Python"
name = "logbook"
optional = false
python-versions = "*"
version = "1.4.1"

[[package]]
category = "main"
description = "Fast numerical expression evaluator for NumPy"
name = "numexpr"
optional = false
python-versions = "*"
version = "2.6.9"

[package.dependencies]
numpy = ">=1.7"

[[package]]
category = "main"
description = "NumPy: array processing for numbers, strings, records, and objects."
name = "numpy"
optional = false
python-versions = ">=2.7,!=3.0.*,!=3.1.*,!=3.2.*,!=3.3.*"
version = "1.15.4"

[[package]]
category = "main"
description = "Powerful data structures for data analysis, time series, and statistics"
name = "pandas"
optional = false
python-versions = ">=2.7,!=3.0.*,!=3.1.*,!=3.2.*,!=3.3.*,!=3.4.*"
version = "0.23.4"

[package.dependencies]
numpy = ">=1.9.0"
python-dateutil = ">=2.5.0"
pytz = ">=2011k"

[[package]]
category = "main"
description = "Extensions to the standard Python datetime module"
name = "python-dateutil"
optional = false
python-versions = ">=2.7, !=3.0.*, !=3.1.*, !=3.2.*"
version = "2.7.5"

[package.dependencies]
six = ">=1.5"

[[package]]
category = "main"
description = "World timezone definitions, modern and historical"
name = "pytz"
optional = false
python-versions = "*"
version = "2018.7"

[[package]]
category = "main"
description = "Python HTTP for Humans."
name = "requests"
optional = false
python-versions = ">=2.7, !=3.0.*, !=3.1.*, !=3.2.*, !=3.3.*"
version = "2.21.0"

[package.dependencies]
certifi = ">=2017.4.17"
chardet = ">=3.0.2,<3.1.0"
idna = ">=2.5,<2.9"
urllib3 = ">=1.21.1,<1.25"

[[package]]
category = "main"
description = "Python 2 and 3 compatibility utilities"
name = "six"
optional = false
python-versions = ">=2.6, !=3.0.*, !=3.1.*"
version = "1.12.0"

[[package]]
category = "main"
description = "Hierarchical datasets for Python"
name = "tables"
optional = false
python-versions = "*"
version = "3.4.4"

[package.dependencies]
numexpr = ">=2.5.2"
numpy = ">=1.8.0"
six = ">=1.9.0"

[[package]]
category = "main"
description = "Fast, Extensible Progress Meter"
name = "tqdm"
optional = false
python-versions = ">=2.6, !=3.0.*, !=3.1.*"
version = "4.28.1"

[[package]]
category = "main"
description = "HTTP library with thread-safe connection pooling, file post, and more."
name = "urllib3"
optional = false
python-versions = "*"
version = "1.22"

[metadata]
content-hash = "a35038ea8b10df2c88bc00c367b762e62222bc0a6c206d2966658891c96e409a"
python-versions = ">=3.5"

[metadata.hashes]
certifi = ["47f9c83ef4c0c621eaef743f133f09fa8a74a9b75f037e8624f83bd1b6626cb7", "993f830721089fef441cdfeb4b2c8c9df86f0c63239f06bd025a76a7daddb033"]
chardet = ["84ab92ed1c4d4f16916e05906b6b75a6c0fb5db821cc65e70cbd64a3e2a5eaae", "fc323ffcaeaed0e0a02bf4d117757b98aed530d9ed4531e3e15460124c106691"]
idna = ["c357b3f628cf53ae2c4c05627ecc484553142ca23264e593d327bcde5e9c3407", "ea8b7f6188e6fa117537c3df7da9fc686d485087abf6ac197f9c46432f7e4a3c"]
logbook = ["2a8f9c583d7247b6f9bea7945d1d1a1bcc516b78f0e2376942201f2283191a08", "32375ce706d04a46886f9818bb953e53e0eda636552d7c0a2e482dd670fa56db", "69b461abadb1582b72eeb0db1429545d8f9fc373c3421738f31df1956ac111b2", "78008531bca8105aae4c5a03338c4627eebbe3737bd57ab7e8ba09f134609ed5", "d07e4a01cfa03cfec83ad19044d122981788c88605f4d0295d56667746ee2a74", "ef2e03f6144fa9aa64b8ff69678e2206f7d6788d630156737f6d66e1b2c1d319", "f6ee2eb8c169595a0101fc72f8a5d2585db2ec0562a856b02be19f5ccf426e46"]
numexpr = ["066d7202d3374d42203ce8ba2b007f14397fd083946abafebbc962215ead1759", "08196ac987324dc02147abcf1883b192aa5cd1a56a07c725310f1d0d703d5301", "37b04292cbb1e20bfb3428d5aeebe2bdd13368d458e508998087e40b68d8cc95", "426053be016a3584a10cae13f18692938ff7314988f69edd367b4ff60b370b5b", "47c205a2bca8477eaaa766ca2b86001ca0df4b61ae407196a3ba2420932b5dca", "4b65fe1b4565ccaab7a3617da1bd046987fb7dbc0bbe34e56aa08b05857259d1", "5839cd5f95b4088659cc5f6d25936c6a03a75c23be37f94a2885db0f6f234531", "5fe05f123e00170370c759734c395e5a4ae0ad4e6a3d370fd73e0dcd6669e665", "62d2853df0233fc04374679de20f39b93fdb7a664a0ee403fdb8e722328c5d4d", "688a25cfcd7be6fcce3f6d59fffca6105541e7a1598144b545b633a266e94113", "6a0470a6c07eaa6aa27affb9ee89ce91070747e44172870b020fd3ebe318950a", "6b70a0c372bb567ddb3039d046cccede284cee2a43688010a4110f6b2fe59421", "7f4e121bd59f3b5f7bbd9ca8873c815277c4994b22cfff8a7d57bdef9d00e939", "8213a3e84f3afadc0a4ab1fc0dab383482297f36dbf84b690bbe698b9b8c2ece", "97920e6c37553571ce55f951080d9e2b28589c1337c3788b5ae66dae3a0131d2", "9992ef8b9598a62364d46d4cb2f0f6285f4c77115f023dca821a50550044d8fc", "9c6b4dfcc978ad50a72f83fbaf0fe4706088f3b2623e365bc05036db4948e15d", "9ef58b5f8debcf0c573968f44709866210696aa476b0d22d9afe88da2bd70add", "a64bfd49359df8f87c34ed601ce857213d8678e314d8c99b972b36e35ff8f98f", "aa5b238af8f2915b39374d764ec0daa3d0a975a798f162c3ca30f1cd9fa9a274", "ae5c73f7412b7e70c88f6b384ad61e123d909b0c81a8d5edd33239eb9b5b3111", "c3850466765b9b374ff2ff40974a7b4b278b875f94314e038043f534aff8e139", "e99213c7fa5ffd5572afe065bab7a8507d750221e3fbba43fc15151056d108a1", "eac513cd2424c5f1b2c75bcb06402da407d74bb6f72584d599218228060c2468", "ecb0d0a1ac843f2b8c7afdc0c3ec4fcfcc275bbd0750065cc4112fcd14904c90", "ed96bc38a37fc34406ef76595235e5966d7d3a4123018e9a91d1b7307b4af425", "ee4c526517d89f92c9b9f9c1937ab15c9e3d33864213b4488e1dd30fbc43c87f", "fc218b777cdbb14fa8cff8f28175ee631bacabbdd41ca34e061325b6c44a6fa6"]
numpy = ["0df89ca13c25eaa1621a3f09af4c8ba20da849692dcae184cb55e80952c453fb", "154c35f195fd3e1fad2569930ca51907057ae35e03938f89a8aedae91dd1b7c7", "18e84323cdb8de3325e741a7a8dd4a82db74fde363dce32b625324c7b32aa6d7", "1e8956c37fc138d65ded2d96ab3949bd49038cc6e8a4494b1515b0ba88c91565", "23557bdbca3ccbde3abaa12a6e82299bc92d2b9139011f8c16ca1bb8c75d1e95", "24fd645a5e5d224aa6e39d93e4a722fafa9160154f296fd5ef9580191c755053", "36e36b6868e4440760d4b9b44587ea1dc1f06532858d10abba98e851e154ca70", "3d734559db35aa3697dadcea492a423118c5c55d176da2f3be9c98d4803fc2a7", "416a2070acf3a2b5d586f9a6507bb97e33574df5bd7508ea970bbf4fc563fa52", "4a22dc3f5221a644dfe4a63bf990052cc674ef12a157b1056969079985c92816", "4d8d3e5aa6087490912c14a3c10fbdd380b40b421c13920ff468163bc50e016f", "4f41fd159fba1245e1958a99d349df49c616b133636e0cf668f169bce2aeac2d", "561ef098c50f91fbac2cc9305b68c915e9eb915a74d9038ecf8af274d748f76f", "56994e14b386b5c0a9b875a76d22d707b315fa037affc7819cda08b6d0489756", "73a1f2a529604c50c262179fcca59c87a05ff4614fe8a15c186934d84d09d9a5", "7da99445fd890206bfcc7419f79871ba8e73d9d9e6b82fe09980bc5bb4efc35f", "99d59e0bcadac4aa3280616591fb7bcd560e2218f5e31d5223a2e12a1425d495", "a4cc09489843c70b22e8373ca3dfa52b3fab778b57cf81462f1203b0852e95e3", "a61dc29cfca9831a03442a21d4b5fd77e3067beca4b5f81f1a89a04a71cf93fa", "b1853df739b32fa913cc59ad9137caa9cc3d97ff871e2bbd89c2a2a1d4a69451", "b1f44c335532c0581b77491b7715a871d0dd72e97487ac0f57337ccf3ab3469b", "b261e0cb0d6faa8fd6863af26d30351fd2ffdb15b82e51e81e96b9e9e2e7ba16", "c857ae5dba375ea26a6228f98c195fec0898a0fd91bcf0e8a0cae6d9faf3eca7", "cf5bb4a7d53a71bb6a0144d31df784a973b36d8687d615ef6a7e9b1809917a9b", "db9814ff0457b46f2e1d494c1efa4111ca089e08c8b983635ebffb9c1573361f", "df04f4bad8a359daa2ff74f8108ea051670cafbca533bb2636c58b16e962989e", "ecf81720934a0e18526177e645cbd6a8a21bb0ddc887ff9738de07a1df5c6b61", "edfa6fba9157e0e3be0f40168eb142511012683ac3dc82420bee4a3f3981b30e"]
pandas = ["11975fad9edbdb55f1a560d96f91830e83e29bed6ad5ebf506abda09818eaf60", "12e13d127ca1b585dd6f6840d3fe3fa6e46c36a6afe2dbc5cb0b57032c902e31", "1c87fcb201e1e06f66e23a61a5fea9eeebfe7204a66d99df24600e3f05168051", "242e9900de758e137304ad4b5663c2eff0d798c2c3b891250bd0bd97144579da", "26c903d0ae1542890cb9abadb4adcb18f356b14c2df46e4ff657ae640e3ac9e7", "2e1e88f9d3e5f107b65b59cd29f141995597b035d17cc5537e58142038942e1a", "31b7a48b344c14691a8e92765d4023f88902ba3e96e2e4d0364d3453cdfd50db", "4fd07a932b4352f8a8973761ab4e84f965bf81cc750fb38e04f01088ab901cb8", "5b24ca47acf69222e82530e89111dd9d14f9b970ab2cd3a1c2c78f0c4fbba4f4", "647b3b916cc8f6aeba240c8171be3ab799c3c1b2ea179a3be0bd2712c4237553", "66b060946046ca27c0e03e9bec9bba3e0b918bafff84c425ca2cc2e157ce121e", "6efa9fa6e1434141df8872d0fa4226fc301b17aacf37429193f9d70b426ea28f", "be4715c9d8367e51dbe6bc6d05e205b1ae234f0dc5465931014aa1c4af44c1ba", "bea90da782d8e945fccfc958585210d23de374fa9294a9481ed2abcef637ebfc", "d318d77ab96f66a59e792a481e2701fba879e1a453aefeebdb17444fe204d1ed", "d785fc08d6f4207437e900ffead930a61e634c5e4f980ba6d3dc03c9581748c7", "de9559287c4fe8da56e8c3878d2374abc19d1ba2b807bfa7553e912a8e5ba87c", "f4f98b190bb918ac0bc0e3dd2ab74ff3573da9f43106f6dba6385406912ec00f", "f71f1a7e2d03758f6e957896ed696254e2bc83110ddbc6942018f1a232dd9dad", "fb944c8f0b0ab5c1f7846c686bc4cdf8cde7224655c12edcd59d5212cd57bec0"]
python-dateutil = ["063df5763652e21de43de7d9e00ccf239f953a832941e37be541614732cdfc93", "88f9287c0174266bb0d8cedd395cfba9c58e87e5ad86b2ce58859bc11be3cf02"]
pytz = ["31cb35c89bd7d333cd32c5f278fca91b523b0834369e757f4c5641ea252236ca", "8e0f8568c118d3077b46be7d654cc8167fa916092e28320cde048e54bfc9f1e6"]
requests = ["502a824f31acdacb3a35b6690b5fbf0bc41d63a24a45c4004352b0242707598e", "7bf2a778576d825600030a110f3c0e3e8edc51dfaafe1c146e39a2027784957b"]
six = ["3350809f0555b11f552448330d0b52d5f24c91a322ea4a15ef22629740f3761c", "d16a0141ec1a18405cd4ce8b4613101da75da0e9a7aec5bdd4fa804d0e0eba73"]
tables = ["07bb9e96b762874e239ad8cec2cab2c4129abf576fffcdd4e961482dc7d5a0a6", "09eed21e12a1286ac2e8c5e67a75d9c7a7f262883535a31ac0b985540135d8d6", "0bd7e5d7ff90df3751bfb2494d41858b96118965edd8cc03758bbc638e2e2f2c", "2379bc98dd8caa6f5824daae4b3b1e53008af32c7b684c67deaeebc1a89a929e", "2cd49a98e750fe78b7a2b8e0efd69be608c8358f664f3705c98cc6f04da18a53", "415731ae46dfdef7fbe305399a700a54b06a82c4331ba20cc64004fb40e79069", "44289caf89efac435f49fa4bd298eb48969c026dec25d3a76e7955f1281d1bdf", "714f7162ffa4d470da8c9a067935520e5925384445bdb23989351b48d236345c", "82d98123cf67c012d6c7cb69c6733b51eb10d17fc40547bbb71ffedae8da4f90", "b625fc71f082011806a60d3b7370f75e34b141dab549ed65957aed54d1f12f63", "bc1621bd84769ff3f84cfd1481f93ed0c537db4b3355576270bdbb79bb390b1f", "bdc5c073712af2a43babd139c4855fc99496bb2c3f3f5d1b4770a985e6f9ce29", "bed4f423dd33600907f1c3b88f994920f2b879b12bf83d4372f861ef4085e085", "c3ac22e3391f67a381d9a3018fd7e0a1ccfcc88b5f61b0d051fe5eba8196388f", "d263f4380a5dad862efac774428bacb04c2339c4f165f2efdd228867abaffcf6", "da98c8abfeefefad40110b994d5d06ac28d89b00d085530d377376b201566ebf", "e2e4e40d010a6aa0464e5e281d4aa15f64acd99fd881c0e1e4c1c567b7167dba", "e3bd7084dbf80ef347ad5d33645584e0fe7f8353cf2c33d8922a4c00034fa015", "e8f9b20b9623c900e7007b89a9d3e315280b666ac70b38b0c191345f7d4d8585", "f786d310cf954eaf52340680dfbc5c1190afc276093f5c454fab605a11488306", "f97c8b5ebec23894fc56af25c6e73bc86b463cbccb1f9b9887def24cd7811e2c", "fd3e774ff048de838df39b018c171bff3ecd9f34a908395a475ba07ac270a34a"]
tqdm = ["3c4d4a5a41ef162dd61f1edb86b0e1c7859054ab656b2e7c7b77e7fbf6d9f392", "5b4d5549984503050883bc126280b386f5f4ca87e6c023c5d015655ad75bdebb"]
urllib3 = ["06330f386d6e4b195fbfc736b297f58c5a892e4440e54d294d7004e3a9bbea1b", "cc44da8e1145637334317feebd728bd869a35285b93cbb4cca2577da7e62db4f"]
